<?xml version="1.0" encoding="utf-8"?>
<Project ToolsVersion="4.0" xmlns="http://schemas.microsoft.com/developer/msbuild/2003">
  <ItemGroup>
    <Filter Include="Source Files">
      <UniqueIdentifier>{4FC737F1-C7A5-4376-A066-2A32D752A2FF}</UniqueIdentifier>
      <Extensions>cpp;c;cc;cxx;def;odl;idl;hpj;bat;asm;asmx</Extensions>
    </Filter>
    <Filter Include="Header Files">
      <UniqueIdentifier>{93995380-89BD-4b04-88EB-625FBE52EBFB}</UniqueIdentifier>
      <Extensions>h;hh;hpp;hxx;hm;inl;inc;xsd</Extensions>
    </Filter>
    <Filter Include="Resource Files">
      <UniqueIdentifier>{67DA6AB6-F800-4c08-8B7A-83BB121AAD01}</UniqueIdentifier>
      <Extensions>rc;ico;cur;bmp;dlg;rc2;rct;bin;rgs;gif;jpg;jpeg;jpe;resx;tiff;tif;png;wav;mfcribbon-ms</Extensions>
    </Filter>
    <Filter Include="Source Files\CColors">
      <UniqueIdentifier>{9f8857ec-226d-4803-a2c5-f0d1e743abf9}</UniqueIdentifier>
    </Filter>
    <Filter Include="Header Files\CColors">
      <UniqueIdentifier>{988ba4ef-8a07-4351-a2a6-8c4839c5e1fe}</UniqueIdentifier>
    </Filter>
    <Filter Include="Header Files\RXML">
      <UniqueIdentifier>{ef1a418d-fb47-4337-a4bc-a4992258a515}</UniqueIdentifier>
    </Filter>
  </ItemGroup>
  <ItemGroup>
    <ClInclude Include="src\resource.h">
      <Filter>Header Files</Filter>
    </ClInclude>
    <ClInclude Include="src\extractorconsole.h">
      <Filter>Header Files</Filter>
    </ClInclude>
    <ClInclude Include="src\komextract_new.h">
      <Filter>Header Files</Filter>
    </ClInclude>
    <ClInclude Include="src\CColors\advconsole.h">
      <Filter>Header Files\CColors</Filter>
    </ClInclude>
    <ClInclude Include="src\RXML\rapidxml.hpp">
      <Filter>Header Files\RXML</Filter>
    </ClInclude>
    <ClInclude Include="src\RXML\rapidxml_iterators.hpp">
      <Filter>Header Files\RXML</Filter>
    </ClInclude>
    <ClInclude Include="src\RXML\rapidxml_print.hpp">
      <Filter>Header Files\RXML</Filter>
    </ClInclude>
    <ClInclude Include="src\RXML\rapidxml_utils.hpp">
      <Filter>Header Files\RXML</Filter>
    </ClInclude>
  </ItemGroup>
  <ItemGroup>
    <ClCompile Include="src\komextract_new.cpp">
      <Filter>Source Files</Filter>
    </ClCompile>
    <ClCompile Include="src\extractorconsole.cpp">
      <Filter>Source Files</Filter>
    </ClCompile>
    <ClCompile Include="src\CColors\advconsole.cpp">
      <Filter>Source Files\CColors</Filter>
    </ClCompile>
    <ClCompile Include="src\CColors\advconsole.win32.cpp">
      <Filter>Source Files\CColors</Filter>
    </ClCompile>
  </ItemGroup>
  <ItemGroup>
    <ResourceCompile Include="src\komextract_new.rc">
      <Filter>Resource Files</Filter>
    </ResourceCompile>
  </ItemGroup>
  <ItemGroup>
    <Image Include="src\VP.ico">
      <Filter>Resource Files</Filter>
    </Image>
  </ItemGroup>
</Project>