
Microsoft Visual Studio Solution File, Format Version 12.00
# Visual Studio 15
VisualStudioVersion = 15.0.27004.2006
MinimumVisualStudioVersion = 10.0.40219.1
Project("{8BC9CEB8-8B4A-11D0-8D11-00A0C91BC942}") = "komextract_new", "komextract_new\komextract_new.vcxproj", "{FF7816A6-820B-418A-B9A6-0005C3C746FF}"
EndProject
Project("{8BC9CEB8-8B4A-11D0-8D11-00A0C91BC942}") = "kompact_new", "kompact_new\kompact_new.vcxproj", "{1E0DA3A0-E7EC-4ABD-B09F-D35000001D16}"
EndProject
Project("{FAE04EC0-301F-11D3-BF4B-00C04F79EFBC}") = "Els_kom_Core", "Els_kom_Core\Els_kom_Core.csproj", "{8588AE1C-CD41-4A96-8C9A-CD48B311BB6E}"
EndProject
Project("{8BC9CEB8-8B4A-11D0-8D11-00A0C91BC942}") = "Els_kom", "Els_kom\Els_kom.vcxproj", "{253B39B2-B142-481E-8066-AFE06C31D647}"
EndProject
Global
	GlobalSection(SolutionConfigurationPlatforms) = preSolution
		Debug|Any CPU = Debug|Any CPU
		Debug|x64 = Debug|x64
		Debug|x86 = Debug|x86
		Release|Any CPU = Release|Any CPU
		Release|x64 = Release|x64
		Release|x86 = Release|x86
	EndGlobalSection
	GlobalSection(ProjectConfigurationPlatforms) = postSolution
		{FF7816A6-820B-418A-B9A6-0005C3C746FF}.Debug|Any CPU.ActiveCfg = Debug|Win32
		{FF7816A6-820B-418A-B9A6-0005C3C746FF}.Debug|x64.ActiveCfg = Debug|x64
		{FF7816A6-820B-418A-B9A6-0005C3C746FF}.Debug|x64.Build.0 = Debug|x64
		{FF7816A6-820B-418A-B9A6-0005C3C746FF}.Debug|x86.ActiveCfg = Debug|Win32
		{FF7816A6-820B-418A-B9A6-0005C3C746FF}.Debug|x86.Build.0 = Debug|Win32
		{FF7816A6-820B-418A-B9A6-0005C3C746FF}.Release|Any CPU.ActiveCfg = Release|Win32
		{FF7816A6-820B-418A-B9A6-0005C3C746FF}.Release|x64.ActiveCfg = Release|x64
		{FF7816A6-820B-418A-B9A6-0005C3C746FF}.Release|x64.Build.0 = Release|x64
		{FF7816A6-820B-418A-B9A6-0005C3C746FF}.Release|x86.ActiveCfg = Release|Win32
		{FF7816A6-820B-418A-B9A6-0005C3C746FF}.Release|x86.Build.0 = Release|Win32
		{FF7816A6-820B-418A-B9A6-0005C3C746FF}.Release|x86.Deploy.0 = Release|Win32
		{1E0DA3A0-E7EC-4ABD-B09F-D35000001D16}.Debug|Any CPU.ActiveCfg = Debug|Win32
		{1E0DA3A0-E7EC-4ABD-B09F-D35000001D16}.Debug|x64.ActiveCfg = Debug|x64
		{1E0DA3A0-E7EC-4ABD-B09F-D35000001D16}.Debug|x64.Build.0 = Debug|x64
		{1E0DA3A0-E7EC-4ABD-B09F-D35000001D16}.Debug|x86.ActiveCfg = Debug|Win32
		{1E0DA3A0-E7EC-4ABD-B09F-D35000001D16}.Debug|x86.Build.0 = Debug|Win32
		{1E0DA3A0-E7EC-4ABD-B09F-D35000001D16}.Release|Any CPU.ActiveCfg = Release|Win32
		{1E0DA3A0-E7EC-4ABD-B09F-D35000001D16}.Release|x64.ActiveCfg = Release|x64
		{1E0DA3A0-E7EC-4ABD-B09F-D35000001D16}.Release|x64.Build.0 = Release|x64
		{1E0DA3A0-E7EC-4ABD-B09F-D35000001D16}.Release|x86.ActiveCfg = Release|Win32
		{1E0DA3A0-E7EC-4ABD-B09F-D35000001D16}.Release|x86.Build.0 = Release|Win32
		{8588AE1C-CD41-4A96-8C9A-CD48B311BB6E}.Debug|Any CPU.ActiveCfg = Debug|x86
		{8588AE1C-CD41-4A96-8C9A-CD48B311BB6E}.Debug|x64.ActiveCfg = Debug|x64
		{8588AE1C-CD41-4A96-8C9A-CD48B311BB6E}.Debug|x64.Build.0 = Debug|x64
		{8588AE1C-CD41-4A96-8C9A-CD48B311BB6E}.Debug|x86.ActiveCfg = Debug|x86
		{8588AE1C-CD41-4A96-8C9A-CD48B311BB6E}.Debug|x86.Build.0 = Debug|x86
		{8588AE1C-CD41-4A96-8C9A-CD48B311BB6E}.Release|Any CPU.ActiveCfg = Release|x86
		{8588AE1C-CD41-4A96-8C9A-CD48B311BB6E}.Release|x64.ActiveCfg = Release|x64
		{8588AE1C-CD41-4A96-8C9A-CD48B311BB6E}.Release|x64.Build.0 = Release|x64
		{8588AE1C-CD41-4A96-8C9A-CD48B311BB6E}.Release|x86.ActiveCfg = Release|x86
		{8588AE1C-CD41-4A96-8C9A-CD48B311BB6E}.Release|x86.Build.0 = Release|x86
		{253B39B2-B142-481E-8066-AFE06C31D647}.Debug|Any CPU.ActiveCfg = Debug|Win32
		{253B39B2-B142-481E-8066-AFE06C31D647}.Debug|x64.ActiveCfg = Debug|x64
		{253B39B2-B142-481E-8066-AFE06C31D647}.Debug|x64.Build.0 = Debug|x64
		{253B39B2-B142-481E-8066-AFE06C31D647}.Debug|x86.ActiveCfg = Debug|Win32
		{253B39B2-B142-481E-8066-AFE06C31D647}.Debug|x86.Build.0 = Debug|Win32
		{253B39B2-B142-481E-8066-AFE06C31D647}.Release|Any CPU.ActiveCfg = Release|Win32
		{253B39B2-B142-481E-8066-AFE06C31D647}.Release|x64.ActiveCfg = Release|x64
		{253B39B2-B142-481E-8066-AFE06C31D647}.Release|x64.Build.0 = Release|x64
		{253B39B2-B142-481E-8066-AFE06C31D647}.Release|x86.ActiveCfg = Release|Win32
		{253B39B2-B142-481E-8066-AFE06C31D647}.Release|x86.Build.0 = Release|Win32
	EndGlobalSection
	GlobalSection(SolutionProperties) = preSolution
		HideSolutionNode = FALSE
	EndGlobalSection
	GlobalSection(ExtensibilityGlobals) = postSolution
		SolutionGuid = {9D97FF96-21DB-4939-A93E-F75A2BECC958}
	EndGlobalSection
EndGlobal
