Microsoft Visual Studio Solution File, Format Version 12.00
# Visual Studio Version 17
VisualStudioVersion = 17.1.31911.260
MinimumVisualStudioVersion = 10.0.40219.1
Project("{9A19103F-16F7-4668-BE54-9A1E7A4F7556}") = "Els_kom", "Els_kom\Els_kom.csproj", "{0116DE95-C3D6-487A-9133-5D26B6CA09FB}"
EndProject
Global
	GlobalSection(SolutionConfigurationPlatforms) = preSolution
		Debug|Any CPU = Debug|Any CPU
		Release|Any CPU = Release|Any CPU
	EndGlobalSection
	GlobalSection(ProjectConfigurationPlatforms) = postSolution
		{0116DE95-C3D6-487A-9133-5D26B6CA09FB}.Debug|Any CPU.ActiveCfg = Debug|Any CPU
		{0116DE95-C3D6-487A-9133-5D26B6CA09FB}.Debug|Any CPU.Build.0 = Debug|Any CPU
		{0116DE95-C3D6-487A-9133-5D26B6CA09FB}.Release|Any CPU.ActiveCfg = Release|Any CPU
		{0116DE95-C3D6-487A-9133-5D26B6CA09FB}.Release|Any CPU.Build.0 = Release|Any CPU
	EndGlobalSection
	GlobalSection(SolutionProperties) = preSolution
		HideSolutionNode = FALSE
	EndGlobalSection
	GlobalSection(ExtensibilityGlobals) = postSolution
		RESX_PrefixTranslations = False
		SolutionGuid = {9D97FF96-21DB-4939-A93E-F75A2BECC958}
	EndGlobalSection
EndGlobal
