<?xml version="1.0" encoding="utf-8"?>
<Project ToolsVersion="4.0" xmlns="http://schemas.microsoft.com/developer/msbuild/2003">
  <ItemGroup>
    <Filter Include="Source Files">
      <UniqueIdentifier>{a4263817-a8cc-4b18-a557-757144c52472}</UniqueIdentifier>
    </Filter>
    <Filter Include="Header Files">
      <UniqueIdentifier>{94eeeab3-37c2-4c78-afc3-6ba429f4fb5e}</UniqueIdentifier>
    </Filter>
    <Filter Include="Resource Files">
      <UniqueIdentifier>{8b1494e6-2bb6-4adc-a51f-6a1edcb8f402}</UniqueIdentifier>
    </Filter>
  </ItemGroup>
  <ItemGroup>
    <ClCompile Include="Alg0.cpp">
      <Filter>Source Files</Filter>
    </ClCompile>
    <ClCompile Include="Alg1.cpp">
      <Filter>Source Files</Filter>
    </ClCompile>
    <ClCompile Include="Alg2.cpp">
      <Filter>Source Files</Filter>
    </ClCompile>
    <ClCompile Include="Alg3.cpp">
      <Filter>Source Files</Filter>
    </ClCompile>
    <ClCompile Include="Els_kom_Generic_Unpacker.cpp">
      <Filter>Source Files</Filter>
    </ClCompile>
  </ItemGroup>
  <ItemGroup>
    <ClInclude Include="Els_kom_Generic_Unpacker.h">
      <Filter>Header Files</Filter>
    </ClInclude>
    <ClInclude Include="Alg0.h">
      <Filter>Header Files</Filter>
    </ClInclude>
    <ClInclude Include="Alg1.h">
      <Filter>Header Files</Filter>
    </ClInclude>
    <ClInclude Include="Alg2.h">
      <Filter>Header Files</Filter>
    </ClInclude>
    <ClInclude Include="Alg3.h">
      <Filter>Header Files</Filter>
    </ClInclude>
  </ItemGroup>
</Project>