<?xml version="1.0" encoding="utf-8"?>
<Project ToolsVersion="4.0" xmlns="http://schemas.microsoft.com/developer/msbuild/2003">
  <ItemGroup>
    <Filter Include="Source Files">
      <UniqueIdentifier>{4FC737F1-C7A5-4376-A066-2A32D752A2FF}</UniqueIdentifier>
      <Extensions>cpp;c;cc;cxx;def;odl;idl;hpj;bat;asm;asmx</Extensions>
    </Filter>
    <Filter Include="Header Files">
      <UniqueIdentifier>{93995380-89BD-4b04-88EB-625FBE52EBFB}</UniqueIdentifier>
      <Extensions>h;hh;hpp;hxx;hm;inl;inc;xsd</Extensions>
    </Filter>
    <Filter Include="Resource Files">
      <UniqueIdentifier>{67DA6AB6-F800-4c08-8B7A-83BB121AAD01}</UniqueIdentifier>
      <Extensions>rc;ico;cur;bmp;dlg;rc2;rct;bin;rgs;gif;jpg;jpeg;jpe;resx;tiff;tif;png;wav;mfcribbon-ms</Extensions>
    </Filter>
    <Filter Include="Header Files\aesmodule">
      <UniqueIdentifier>{680300a8-b57d-42ef-b035-a28f1959eb8b}</UniqueIdentifier>
    </Filter>
    <Filter Include="Header Files\aesmodule\dependants">
      <UniqueIdentifier>{db33e22c-a6af-4d6d-95c6-44f13888441d}</UniqueIdentifier>
    </Filter>
    <Filter Include="Source Files\_base64module">
      <UniqueIdentifier>{da978598-5006-4410-ab7e-577336db70ba}</UniqueIdentifier>
    </Filter>
    <Filter Include="Source Files\_zipimportmodule">
      <UniqueIdentifier>{1eb26721-f4bc-4e3e-a92f-f632f340bb14}</UniqueIdentifier>
    </Filter>
    <Filter Include="Source Files\aesmodule">
      <UniqueIdentifier>{432745d3-758d-437e-bde8-82b3ede61358}</UniqueIdentifier>
    </Filter>
    <Filter Include="Source Files\aesmodule\dependants">
      <UniqueIdentifier>{b470eb47-8167-4d3c-9a87-2bd5213a04bc}</UniqueIdentifier>
    </Filter>
  </ItemGroup>
  <ItemGroup>
    <ClInclude Include="..\PC\resource.h">
      <Filter>Header Files</Filter>
    </ClInclude>
    <ClInclude Include="..\PC\encryption.h">
      <Filter>Header Files</Filter>
    </ClInclude>
    <ClInclude Include="..\externals\aes\aes.h">
      <Filter>Header Files\aesmodule\dependants</Filter>
    </ClInclude>
    <ClInclude Include="..\externals\aes\aes_ni.h">
      <Filter>Header Files\aesmodule\dependants</Filter>
    </ClInclude>
    <ClInclude Include="..\externals\aes\aes_via_ace.h">
      <Filter>Header Files\aesmodule\dependants</Filter>
    </ClInclude>
    <ClInclude Include="..\externals\aes\aesopt.h">
      <Filter>Header Files\aesmodule\dependants</Filter>
    </ClInclude>
    <ClInclude Include="..\externals\aes\aestab.h">
      <Filter>Header Files\aesmodule\dependants</Filter>
    </ClInclude>
    <ClInclude Include="..\externals\aes\brg_endian.h">
      <Filter>Header Files\aesmodule\dependants</Filter>
    </ClInclude>
    <ClInclude Include="..\externals\aes\brg_types.h">
      <Filter>Header Files\aesmodule\dependants</Filter>
    </ClInclude>
    <ClInclude Include="..\PC\frozenlist.h">
      <Filter>Header Files</Filter>
    </ClInclude>
    <ClInclude Include="..\PC\pyeimport.h">
      <Filter>Header Files</Filter>
    </ClInclude>
  </ItemGroup>
  <ItemGroup>
    <ResourceCompile Include="..\PC\komextract_new.rc">
      <Filter>Resource Files</Filter>
    </ResourceCompile>
  </ItemGroup>
  <ItemGroup>
    <Image Include="..\PC\VP.ico">
      <Filter>Resource Files</Filter>
    </Image>
  </ItemGroup>
  <ItemGroup>
    <ClCompile Include="..\PC\komextract_new.c">
      <Filter>Source Files</Filter>
    </ClCompile>
    <ClCompile Include="..\externals\aes\aes_modes.c">
      <Filter>Source Files\aesmodule\dependants</Filter>
    </ClCompile>
    <ClCompile Include="..\externals\aes\aes_ni.c">
      <Filter>Source Files\aesmodule\dependants</Filter>
    </ClCompile>
    <ClCompile Include="..\externals\aes\aeskey.c">
      <Filter>Source Files\aesmodule\dependants</Filter>
    </ClCompile>
    <ClCompile Include="..\externals\aes\aestab.c">
      <Filter>Source Files\aesmodule\dependants</Filter>
    </ClCompile>
    <ClCompile Include="..\externals\aes\python_binding\aesmodule.c">
      <Filter>Source Files\aesmodule</Filter>
    </ClCompile>
    <ClCompile Include="..\externals\aes\aescrypt.c">
      <Filter>Source Files\aesmodule\dependants</Filter>
    </ClCompile>
    <ClCompile Include="..\PC\_zipimportmodule.c">
      <Filter>Source Files\_zipimportmodule</Filter>
    </ClCompile>
    <ClCompile Include="..\PC\encryption.cpp">
      <Filter>Source Files</Filter>
    </ClCompile>
    <ClCompile Include="..\PC\_base64module.c">
      <Filter>Source Files\_base64module</Filter>
    </ClCompile>
  </ItemGroup>
</Project>