
Microsoft Visual Studio Solution File, Format Version 11.00
# Visual C++ Express 2010
Project("{8BC9CEB8-8B4A-11D0-8D11-00A0C91BC942}") = "memoryzlib", "memoryzlib.vcxproj", "{7F6FB145-476A-4319-8E13-E0D430686164}"
EndProject
Global
	GlobalSection(SolutionConfigurationPlatforms) = preSolution
		Debug|Win32 = Debug|Win32
		Release|Win32 = Release|Win32
	EndGlobalSection
	GlobalSection(ProjectConfigurationPlatforms) = postSolution
		{7F6FB145-476A-4319-8E13-E0D430686164}.Debug|Win32.ActiveCfg = Debug|Win32
		{7F6FB145-476A-4319-8E13-E0D430686164}.Debug|Win32.Build.0 = Debug|Win32
		{7F6FB145-476A-4319-8E13-E0D430686164}.Release|Win32.ActiveCfg = Release|Win32
		{7F6FB145-476A-4319-8E13-E0D430686164}.Release|Win32.Build.0 = Release|Win32
	EndGlobalSection
	GlobalSection(SolutionProperties) = preSolution
		HideSolutionNode = FALSE
	EndGlobalSection
EndGlobal
